PODS:
  - SwiftyJSON (2.2.1)

DEPENDENCIES:
  - SwiftyJSON (from `https://github.com/SwiftyJSON/SwiftyJSON.git`, branch `xcode7`)

EXTERNAL SOURCES:
  SwiftyJSON:
    :branch: xcode7
    :git: https://github.com/SwiftyJSON/SwiftyJSON.git

CHECKOUT OPTIONS:
  SwiftyJSON:
    :commit: f269523ac572979245baa99c8475eab73caf1e9b
    :git: https://github.com/SwiftyJSON/SwiftyJSON.git

SPEC CHECKSUMS:
  SwiftyJSON: ae2d0a3d68025d136602a33c4ee215091ced3e33

COCOAPODS: 0.39.0
