PODS:
  - Nimble (4.0.1)
  - Quick (0.9.2)
  - SwiftyJSON (2.3.2)

DEPENDENCIES:
  - Nimble
  - Quick
  - SwiftyJSON

SPEC CHECKSUMS:
  Nimble: 0f3c8b8b084cda391209c3c5efbb48bedeeb920a
  Quick: 18d057bc66451eedd5d1c8dc99ba2a5db6e60226
  SwiftyJSON: 04ccea08915aa0109039157c7974cf0298da292a

PODFILE CHECKSUM: 2ec46d3741ab466dee64c9e763366836879c1f6e

COCOAPODS: 1.0.1
