PODS:
  - Nimble (7.0.3)
  - Quick (1.2.0)
  - SwiftyJSON (4.0.0)

DEPENDENCIES:
  - Nimble
  - Quick
  - SwiftyJSON

SPEC CHECKSUMS:
  Nimble: 7f5a9c447a33002645a071bddafbfb24ea70e0ac
  Quick: 58d203b1c5e27fff7229c4c1ae445ad7069a7a08
  SwiftyJSON: 070dabdcb1beb81b247c65ffa3a79dbbfb3b48aa

PODFILE CHECKSUM: 3509c4c63edbe9a7b092aab021ca4e248077b966

COCOAPODS: 1.3.1
