PODS:
  - Nimble (7.3.1)
  - Quick (1.3.2)
  - SwiftyJSON (4.2.0)

DEPENDENCIES:
  - Nimble
  - Quick
  - SwiftyJSON

SPEC REPOS:
  https://github.com/cocoapods/specs.git:
    - Nimble
    - Quick
    - SwiftyJSON

SPEC CHECKSUMS:
  Nimble: 04f732da099ea4d153122aec8c2a88fd0c7219ae
  Quick: 2623cb30d7a7f41ca62f684f679586558f483d46
  SwiftyJSON: c4bcba26dd9ec7a027fc8eade48e2c911f229e96

PODFILE CHECKSUM: c56e55a868d15e020091a8d96e30e28b9f2b5aed

COCOAPODS: 1.5.3
