// !$*UTF8*$!
{
	archiveVersion = 1;
	classes = {
	};
	objectVersion = 46;
	objects = {

/* Begin PBXBuildFile section */
		232FF1B4193F320D007015C4 /* AppDelegate.swift in Sources */ = {isa = PBXBuildFile; fileRef = 232FF1B3193F320D007015C4 /* AppDelegate.swift */; };
		232FF1B6193F320D007015C4 /* ViewController.swift in Sources */ = {isa = PBXBuildFile; fileRef = 232FF1B5193F320D007015C4 /* ViewController.swift */; };
		232FF1B9193F320D007015C4 /* Main.storyboard in Resources */ = {isa = PBXBuildFile; fileRef = 232FF1B7193F320D007015C4 /* Main.storyboard */; };
		232FF1BB193F320D007015C4 /* Images.xcassets in Resources */ = {isa = PBXBuildFile; fileRef = 232FF1BA193F320D007015C4 /* Images.xcassets */; };
		232FF1C7193F320D007015C4 /* Swift_WeatherTests.swift in Sources */ = {isa = PBXBuildFile; fileRef = 232FF1C6193F320D007015C4 /* Swift_WeatherTests.swift */; };
		3442BAB31A3BF5D300139CDC /* Images.xcassets in Resources */ = {isa = PBXBuildFile; fileRef = 232FF1BA193F320D007015C4 /* Images.xcassets */; };
		344C735C1A3B92A4002CB13B /* NotificationCenter.framework in Frameworks */ = {isa = PBXBuildFile; fileRef = 344C735B1A3B92A4002CB13B /* NotificationCenter.framework */; };
		344C73611A3B92A4002CB13B /* TodayViewController.swift in Sources */ = {isa = PBXBuildFile; fileRef = 344C73601A3B92A4002CB13B /* TodayViewController.swift */; };
		344C73631A3B92A4002CB13B /* MainInterface.storyboard in Resources */ = {isa = PBXBuildFile; fileRef = 344C73621A3B92A4002CB13B /* MainInterface.storyboard */; };
		344C73661A3B92A4002CB13B /* Swift Weather Instant.appex in Embed App Extensions */ = {isa = PBXBuildFile; fileRef = 344C735A1A3B92A4002CB13B /* Swift Weather Instant.appex */; settings = {ATTRIBUTES = (RemoveHeadersOnCopy, ); }; };
		AEDA2D601AE4DA4D00FB2359 /* Alamofire.framework in Frameworks */ = {isa = PBXBuildFile; fileRef = AEDA2D5A1AE4D93A00FB2359 /* Alamofire.framework */; };
		AEDA2D611AE4DA4D00FB2359 /* SwiftyJSON.framework in Frameworks */ = {isa = PBXBuildFile; fileRef = AEDA2D5D1AE4D94800FB2359 /* SwiftyJSON.framework */; };
		AEDA2D621AE4DA6100FB2359 /* Alamofire.framework in Frameworks */ = {isa = PBXBuildFile; fileRef = AEDA2D5A1AE4D93A00FB2359 /* Alamofire.framework */; };
		AEDA2D631AE4DA6100FB2359 /* SwiftyJSON.framework in Frameworks */ = {isa = PBXBuildFile; fileRef = AEDA2D5D1AE4D94800FB2359 /* SwiftyJSON.framework */; };
		AEDA2D641AE4DB9800FB2359 /* Alamofire.framework in Frameworks */ = {isa = PBXBuildFile; fileRef = AEDA2D5A1AE4D93A00FB2359 /* Alamofire.framework */; };
		AEDA2D651AE4DB9800FB2359 /* SwiftyJSON.framework in Frameworks */ = {isa = PBXBuildFile; fileRef = AEDA2D5D1AE4D94800FB2359 /* SwiftyJSON.framework */; };
		AEDA2D661AE4DC2200FB2359 /* SwiftyJSON.framework in Embed Frameworks */ = {isa = PBXBuildFile; fileRef = AEDA2D5D1AE4D94800FB2359 /* SwiftyJSON.framework */; settings = {ATTRIBUTES = (CodeSignOnCopy, RemoveHeadersOnCopy, ); }; };
		AEDA2D671AE4DC2200FB2359 /* Alamofire.framework in Embed Frameworks */ = {isa = PBXBuildFile; fileRef = AEDA2D5A1AE4D93A00FB2359 /* Alamofire.framework */; settings = {ATTRIBUTES = (CodeSignOnCopy, RemoveHeadersOnCopy, ); }; };
		CEFEE9BB1A520D8000AF810C /* SwiftWeatherService.h in Headers */ = {isa = PBXBuildFile; fileRef = CEFEE9BA1A520D8000AF810C /* SwiftWeatherService.h */; settings = {ATTRIBUTES = (Public, ); }; };
		CEFEE9C11A520D8000AF810C /* SwiftWeatherService.framework in Frameworks */ = {isa = PBXBuildFile; fileRef = CEFEE9B61A520D7F00AF810C /* SwiftWeatherService.framework */; };
		CEFEE9CA1A520D8000AF810C /* SwiftWeatherServiceTests.swift in Sources */ = {isa = PBXBuildFile; fileRef = CEFEE9C91A520D8000AF810C /* SwiftWeatherServiceTests.swift */; };
		CEFEE9CE1A520D8000AF810C /* SwiftWeatherService.framework in Embed Frameworks */ = {isa = PBXBuildFile; fileRef = CEFEE9B61A520D7F00AF810C /* SwiftWeatherService.framework */; settings = {ATTRIBUTES = (CodeSignOnCopy, RemoveHeadersOnCopy, ); }; };
		CEFEE9D71A520DA000AF810C /* WeatherService.swift in Sources */ = {isa = PBXBuildFile; fileRef = CEFEE9D61A520DA000AF810C /* WeatherService.swift */; };
		CEFEE9E61A5609CE00AF810C /* SwiftWeatherService.framework in Frameworks */ = {isa = PBXBuildFile; fileRef = CEFEE9B61A520D7F00AF810C /* SwiftWeatherService.framework */; };
		E10D3FA5194A170F00769A84 /* Cloud-Refresh.png in Resources */ = {isa = PBXBuildFile; fileRef = E10D3FA4194A170F00769A84 /* Cloud-Refresh.png */; };
		E12DE1EB194A0CFF00056102 /* background_summer.png in Resources */ = {isa = PBXBuildFile; fileRef = E12DE1EA194A0CFF00056102 /* background_summer.png */; };
		E1A5708D194A11F700708955 /* tstorm1_night.png in Resources */ = {isa = PBXBuildFile; fileRef = E1A5708B194A11F700708955 /* tstorm1_night.png */; };
		E1A5708E194A11F700708955 /* tstorm1.png in Resources */ = {isa = PBXBuildFile; fileRef = E1A5708C194A11F700708955 /* tstorm1.png */; };
		E1A57090194A128C00708955 /* light_rain.png in Resources */ = {isa = PBXBuildFile; fileRef = E1A5708F194A128C00708955 /* light_rain.png */; };
		E1A57093194A131100708955 /* fog_night.png in Resources */ = {isa = PBXBuildFile; fileRef = E1A57091194A131100708955 /* fog_night.png */; };
		E1A57094194A131100708955 /* fog.png in Resources */ = {isa = PBXBuildFile; fileRef = E1A57092194A131100708955 /* fog.png */; };
		E1A57096194A135400708955 /* shower3.png in Resources */ = {isa = PBXBuildFile; fileRef = E1A57095194A135400708955 /* shower3.png */; };
		E1A57098194A137600708955 /* snow5.png in Resources */ = {isa = PBXBuildFile; fileRef = E1A57097194A137600708955 /* snow5.png */; };
		E1A5709A194A139700708955 /* tstorm3.png in Resources */ = {isa = PBXBuildFile; fileRef = E1A57099194A139700708955 /* tstorm3.png */; };
		E1A5709C194A13AC00708955 /* sunny.png in Resources */ = {isa = PBXBuildFile; fileRef = E1A5709B194A13AC00708955 /* sunny.png */; };
		E1A5709E194A13B800708955 /* sunny_night.png in Resources */ = {isa = PBXBuildFile; fileRef = E1A5709D194A13B800708955 /* sunny_night.png */; };
		E1A570A1194A140100708955 /* cloudy2_night.png in Resources */ = {isa = PBXBuildFile; fileRef = E1A5709F194A140100708955 /* cloudy2_night.png */; };
		E1A570A2194A140100708955 /* cloudy2.png in Resources */ = {isa = PBXBuildFile; fileRef = E1A570A0194A140100708955 /* cloudy2.png */; };
		E1A570A4194A142B00708955 /* overcast.png in Resources */ = {isa = PBXBuildFile; fileRef = E1A570A3194A142B00708955 /* overcast.png */; };
		E1A570A6194A146200708955 /* snow4.png in Resources */ = {isa = PBXBuildFile; fileRef = E1A570A5194A146200708955 /* snow4.png */; };
		E1A570A8194A148D00708955 /* dunno.png in Resources */ = {isa = PBXBuildFile; fileRef = E1A570A7194A148D00708955 /* dunno.png */; };
		E1C9689E194A07510045500E /* background.png in Resources */ = {isa = PBXBuildFile; fileRef = E1C9689D194A07510045500E /* background.png */; };
/* End PBXBuildFile section */

/* Begin PBXContainerItemProxy section */
		232FF1C1193F320D007015C4 /* PBXContainerItemProxy */ = {
			isa = PBXContainerItemProxy;
			containerPortal = 232FF1A6193F320C007015C4 /* Project object */;
			proxyType = 1;
			remoteGlobalIDString = 232FF1AD193F320D007015C4;
			remoteInfo = "Swift Weather";
		};
		344C73641A3B92A4002CB13B /* PBXContainerItemProxy */ = {
			isa = PBXContainerItemProxy;
			containerPortal = 232FF1A6193F320C007015C4 /* Project object */;
			proxyType = 1;
			remoteGlobalIDString = 344C73591A3B92A4002CB13B;
			remoteInfo = "Swift Weather Instant";
		};
		CEFEE9C21A520D8000AF810C /* PBXContainerItemProxy */ = {
			isa = PBXContainerItemProxy;
			containerPortal = 232FF1A6193F320C007015C4 /* Project object */;
			proxyType = 1;
			remoteGlobalIDString = CEFEE9B51A520D7F00AF810C;
			remoteInfo = SwiftWeatherService;
		};
		CEFEE9C41A520D8000AF810C /* PBXContainerItemProxy */ = {
			isa = PBXContainerItemProxy;
			containerPortal = 232FF1A6193F320C007015C4 /* Project object */;
			proxyType = 1;
			remoteGlobalIDString = 232FF1AD193F320D007015C4;
			remoteInfo = "Swift Weather";
		};
		CEFEE9CB1A520D8000AF810C /* PBXContainerItemProxy */ = {
			isa = PBXContainerItemProxy;
			containerPortal = 232FF1A6193F320C007015C4 /* Project object */;
			proxyType = 1;
			remoteGlobalIDString = CEFEE9B51A520D7F00AF810C;
			remoteInfo = SwiftWeatherService;
		};
/* End PBXContainerItemProxy section */

/* Begin PBXCopyFilesBuildPhase section */
		344C736A1A3B92A4002CB13B /* Embed App Extensions */ = {
			isa = PBXCopyFilesBuildPhase;
			buildActionMask = 2147483647;
			dstPath = "";
			dstSubfolderSpec = 13;
			files = (
				344C73661A3B92A4002CB13B /* Swift Weather Instant.appex in Embed App Extensions */,
			);
			name = "Embed App Extensions";
			runOnlyForDeploymentPostprocessing = 0;
		};
		CEFEE9D21A520D8000AF810C /* Embed Frameworks */ = {
			isa = PBXCopyFilesBuildPhase;
			buildActionMask = 2147483647;
			dstPath = "";
			dstSubfolderSpec = 10;
			files = (
				AEDA2D661AE4DC2200FB2359 /* SwiftyJSON.framework in Embed Frameworks */,
				AEDA2D671AE4DC2200FB2359 /* Alamofire.framework in Embed Frameworks */,
				CEFEE9CE1A520D8000AF810C /* SwiftWeatherService.framework in Embed Frameworks */,
			);
			name = "Embed Frameworks";
			runOnlyForDeploymentPostprocessing = 0;
		};
/* End PBXCopyFilesBuildPhase section */

/* Begin PBXFileReference section */
		232FF1AE193F320D007015C4 /* Swift Weather.app */ = {isa = PBXFileReference; explicitFileType = wrapper.application; includeInIndex = 0; path = "Swift Weather.app"; sourceTree = BUILT_PRODUCTS_DIR; };
		232FF1B2193F320D007015C4 /* Info.plist */ = {isa = PBXFileReference; lastKnownFileType = text.plist.xml; path = Info.plist; sourceTree = "<group>"; };
		232FF1B3193F320D007015C4 /* AppDelegate.swift */ = {isa = PBXFileReference; lastKnownFileType = sourcecode.swift; path = AppDelegate.swift; sourceTree = "<group>"; };
		232FF1B5193F320D007015C4 /* ViewController.swift */ = {isa = PBXFileReference; lastKnownFileType = sourcecode.swift; path = ViewController.swift; sourceTree = "<group>"; };
		232FF1B8193F320D007015C4 /* Base */ = {isa = PBXFileReference; lastKnownFileType = file.storyboard; name = Base; path = Base.lproj/Main.storyboard; sourceTree = "<group>"; };
		232FF1BA193F320D007015C4 /* Images.xcassets */ = {isa = PBXFileReference; lastKnownFileType = folder.assetcatalog; path = Images.xcassets; sourceTree = "<group>"; };
		232FF1C0193F320D007015C4 /* Swift WeatherTests.xctest */ = {isa = PBXFileReference; explicitFileType = wrapper.cfbundle; includeInIndex = 0; path = "Swift WeatherTests.xctest"; sourceTree = BUILT_PRODUCTS_DIR; };
		232FF1C5193F320D007015C4 /* Info.plist */ = {isa = PBXFileReference; lastKnownFileType = text.plist.xml; path = Info.plist; sourceTree = "<group>"; };
		232FF1C6193F320D007015C4 /* Swift_WeatherTests.swift */ = {isa = PBXFileReference; lastKnownFileType = sourcecode.swift; path = Swift_WeatherTests.swift; sourceTree = "<group>"; };
		344C735A1A3B92A4002CB13B /* Swift Weather Instant.appex */ = {isa = PBXFileReference; explicitFileType = "wrapper.app-extension"; includeInIndex = 0; path = "Swift Weather Instant.appex"; sourceTree = BUILT_PRODUCTS_DIR; };
		344C735B1A3B92A4002CB13B /* NotificationCenter.framework */ = {isa = PBXFileReference; lastKnownFileType = wrapper.framework; name = NotificationCenter.framework; path = System/Library/Frameworks/NotificationCenter.framework; sourceTree = SDKROOT; };
		344C735F1A3B92A4002CB13B /* Info.plist */ = {isa = PBXFileReference; lastKnownFileType = text.plist.xml; path = Info.plist; sourceTree = "<group>"; };
		344C73601A3B92A4002CB13B /* TodayViewController.swift */ = {isa = PBXFileReference; lastKnownFileType = sourcecode.swift; path = TodayViewController.swift; sourceTree = "<group>"; };
		344C73621A3B92A4002CB13B /* MainInterface.storyboard */ = {isa = PBXFileReference; lastKnownFileType = file.storyboard; path = MainInterface.storyboard; sourceTree = "<group>"; };
		AEDA2D5A1AE4D93A00FB2359 /* Alamofire.framework */ = {isa = PBXFileReference; lastKnownFileType = wrapper.framework; name = Alamofire.framework; path = Carthage/Build/iOS/Alamofire.framework; sourceTree = "<group>"; };
		AEDA2D5D1AE4D94800FB2359 /* SwiftyJSON.framework */ = {isa = PBXFileReference; lastKnownFileType = wrapper.framework; name = SwiftyJSON.framework; path = Carthage/Build/iOS/SwiftyJSON.framework; sourceTree = "<group>"; };
		CEFEE9B61A520D7F00AF810C /* SwiftWeatherService.framework */ = {isa = PBXFileReference; explicitFileType = wrapper.framework; includeInIndex = 0; path = SwiftWeatherService.framework; sourceTree = BUILT_PRODUCTS_DIR; };
		CEFEE9B91A520D8000AF810C /* Info.plist */ = {isa = PBXFileReference; lastKnownFileType = text.plist.xml; path = Info.plist; sourceTree = "<group>"; };
		CEFEE9BA1A520D8000AF810C /* SwiftWeatherService.h */ = {isa = PBXFileReference; lastKnownFileType = sourcecode.c.h; path = SwiftWeatherService.h; sourceTree = "<group>"; };
		CEFEE9C01A520D8000AF810C /* SwiftWeatherServiceTests.xctest */ = {isa = PBXFileReference; explicitFileType = wrapper.cfbundle; includeInIndex = 0; path = SwiftWeatherServiceTests.xctest; sourceTree = BUILT_PRODUCTS_DIR; };
		CEFEE9C81A520D8000AF810C /* Info.plist */ = {isa = PBXFileReference; lastKnownFileType = text.plist.xml; path = Info.plist; sourceTree = "<group>"; };
		CEFEE9C91A520D8000AF810C /* SwiftWeatherServiceTests.swift */ = {isa = PBXFileReference; lastKnownFileType = sourcecode.swift; path = SwiftWeatherServiceTests.swift; sourceTree = "<group>"; };
		CEFEE9D61A520DA000AF810C /* WeatherService.swift */ = {isa = PBXFileReference; fileEncoding = 4; lastKnownFileType = sourcecode.swift; path = WeatherService.swift; sourceTree = "<group>"; };
		E10D3FA4194A170F00769A84 /* Cloud-Refresh.png */ = {isa = PBXFileReference; lastKnownFileType = image.png; path = "Cloud-Refresh.png"; sourceTree = "<group>"; };
		E12DE1EA194A0CFF00056102 /* background_summer.png */ = {isa = PBXFileReference; lastKnownFileType = image.png; path = background_summer.png; sourceTree = "<group>"; };
		E1A5708B194A11F700708955 /* tstorm1_night.png */ = {isa = PBXFileReference; lastKnownFileType = image.png; path = tstorm1_night.png; sourceTree = "<group>"; };
		E1A5708C194A11F700708955 /* tstorm1.png */ = {isa = PBXFileReference; lastKnownFileType = image.png; path = tstorm1.png; sourceTree = "<group>"; };
		E1A5708F194A128C00708955 /* light_rain.png */ = {isa = PBXFileReference; lastKnownFileType = image.png; path = light_rain.png; sourceTree = "<group>"; };
		E1A57091194A131100708955 /* fog_night.png */ = {isa = PBXFileReference; lastKnownFileType = image.png; path = fog_night.png; sourceTree = "<group>"; };
		E1A57092194A131100708955 /* fog.png */ = {isa = PBXFileReference; lastKnownFileType = image.png; path = fog.png; sourceTree = "<group>"; };
		E1A57095194A135400708955 /* shower3.png */ = {isa = PBXFileReference; lastKnownFileType = image.png; path = shower3.png; sourceTree = "<group>"; };
		E1A57097194A137600708955 /* snow5.png */ = {isa = PBXFileReference; lastKnownFileType = image.png; path = snow5.png; sourceTree = "<group>"; };
		E1A57099194A139700708955 /* tstorm3.png */ = {isa = PBXFileReference; lastKnownFileType = image.png; path = tstorm3.png; sourceTree = "<group>"; };
		E1A5709B194A13AC00708955 /* sunny.png */ = {isa = PBXFileReference; lastKnownFileType = image.png; path = sunny.png; sourceTree = "<group>"; };
		E1A5709D194A13B800708955 /* sunny_night.png */ = {isa = PBXFileReference; lastKnownFileType = image.png; path = sunny_night.png; sourceTree = "<group>"; };
		E1A5709F194A140100708955 /* cloudy2_night.png */ = {isa = PBXFileReference; lastKnownFileType = image.png; path = cloudy2_night.png; sourceTree = "<group>"; };
		E1A570A0194A140100708955 /* cloudy2.png */ = {isa = PBXFileReference; lastKnownFileType = image.png; path = cloudy2.png; sourceTree = "<group>"; };
		E1A570A3194A142B00708955 /* overcast.png */ = {isa = PBXFileReference; lastKnownFileType = image.png; path = overcast.png; sourceTree = "<group>"; };
		E1A570A5194A146200708955 /* snow4.png */ = {isa = PBXFileReference; lastKnownFileType = image.png; path = snow4.png; sourceTree = "<group>"; };
		E1A570A7194A148D00708955 /* dunno.png */ = {isa = PBXFileReference; lastKnownFileType = image.png; path = dunno.png; sourceTree = "<group>"; };
		E1C9689D194A07510045500E /* background.png */ = {isa = PBXFileReference; lastKnownFileType = image.png; path = background.png; sourceTree = "<group>"; };
/* End PBXFileReference section */

/* Begin PBXFrameworksBuildPhase section */
		232FF1AB193F320D007015C4 /* Frameworks */ = {
			isa = PBXFrameworksBuildPhase;
			buildActionMask = 2147483647;
			files = (
				AEDA2D641AE4DB9800FB2359 /* Alamofire.framework in Frameworks */,
				AEDA2D651AE4DB9800FB2359 /* SwiftyJSON.framework in Frameworks */,
			);
			runOnlyForDeploymentPostprocessing = 0;
		};
		232FF1BD193F320D007015C4 /* Frameworks */ = {
			isa = PBXFrameworksBuildPhase;
			buildActionMask = 2147483647;
			files = (
			);
			runOnlyForDeploymentPostprocessing = 0;
		};
		344C73571A3B92A4002CB13B /* Frameworks */ = {
			isa = PBXFrameworksBuildPhase;
			buildActionMask = 2147483647;
			files = (
				CEFEE9E61A5609CE00AF810C /* SwiftWeatherService.framework in Frameworks */,
				344C735C1A3B92A4002CB13B /* NotificationCenter.framework in Frameworks */,
				AEDA2D621AE4DA6100FB2359 /* Alamofire.framework in Frameworks */,
				AEDA2D631AE4DA6100FB2359 /* SwiftyJSON.framework in Frameworks */,
			);
			runOnlyForDeploymentPostprocessing = 0;
		};
		CEFEE9B21A520D7F00AF810C /* Frameworks */ = {
			isa = PBXFrameworksBuildPhase;
			buildActionMask = 2147483647;
			files = (
				AEDA2D601AE4DA4D00FB2359 /* Alamofire.framework in Frameworks */,
				AEDA2D611AE4DA4D00FB2359 /* SwiftyJSON.framework in Frameworks */,
			);
			runOnlyForDeploymentPostprocessing = 0;
		};
		CEFEE9BD1A520D8000AF810C /* Frameworks */ = {
			isa = PBXFrameworksBuildPhase;
			buildActionMask = 2147483647;
			files = (
				CEFEE9C11A520D8000AF810C /* SwiftWeatherService.framework in Frameworks */,
			);
			runOnlyForDeploymentPostprocessing = 0;
		};
/* End PBXFrameworksBuildPhase section */

/* Begin PBXGroup section */
		128ACBBD2E004856867FDAD7 /* Frameworks */ = {
			isa = PBXGroup;
			children = (
				AEDA2D5D1AE4D94800FB2359 /* SwiftyJSON.framework */,
				AEDA2D5A1AE4D93A00FB2359 /* Alamofire.framework */,
				344C735B1A3B92A4002CB13B /* NotificationCenter.framework */,
			);
			name = Frameworks;
			sourceTree = "<group>";
		};
		230CFCDE193FDCBF001D6F21 /* images */ = {
			isa = PBXGroup;
			children = (
				E10D3FA4194A170F00769A84 /* Cloud-Refresh.png */,
				E1A570A7194A148D00708955 /* dunno.png */,
				E1A570A5194A146200708955 /* snow4.png */,
				E1A570A3194A142B00708955 /* overcast.png */,
				E1A5709F194A140100708955 /* cloudy2_night.png */,
				E1A570A0194A140100708955 /* cloudy2.png */,
				E1A5709D194A13B800708955 /* sunny_night.png */,
				E1A5709B194A13AC00708955 /* sunny.png */,
				E1A57099194A139700708955 /* tstorm3.png */,
				E1A57097194A137600708955 /* snow5.png */,
				E1A57095194A135400708955 /* shower3.png */,
				E1A57091194A131100708955 /* fog_night.png */,
				E1A57092194A131100708955 /* fog.png */,
				E1A5708F194A128C00708955 /* light_rain.png */,
				E1A5708B194A11F700708955 /* tstorm1_night.png */,
				E1A5708C194A11F700708955 /* tstorm1.png */,
			);
			path = images;
			sourceTree = "<group>";
		};
		232FF1A5193F320C007015C4 = {
			isa = PBXGroup;
			children = (
				232FF1B0193F320D007015C4 /* Swift Weather */,
				232FF1C3193F320D007015C4 /* Swift WeatherTests */,
				344C735D1A3B92A4002CB13B /* Swift Weather Instant */,
				CEFEE9B71A520D8000AF810C /* SwiftWeatherService */,
				CEFEE9C61A520D8000AF810C /* SwiftWeatherServiceTests */,
				232FF1AF193F320D007015C4 /* Products */,
				128ACBBD2E004856867FDAD7 /* Frameworks */,
			);
			sourceTree = "<group>";
		};
		232FF1AF193F320D007015C4 /* Products */ = {
			isa = PBXGroup;
			children = (
				232FF1AE193F320D007015C4 /* Swift Weather.app */,
				232FF1C0193F320D007015C4 /* Swift WeatherTests.xctest */,
				344C735A1A3B92A4002CB13B /* Swift Weather Instant.appex */,
				CEFEE9B61A520D7F00AF810C /* SwiftWeatherService.framework */,
				CEFEE9C01A520D8000AF810C /* SwiftWeatherServiceTests.xctest */,
			);
			name = Products;
			sourceTree = "<group>";
		};
		232FF1B0193F320D007015C4 /* Swift Weather */ = {
			isa = PBXGroup;
			children = (
				232FF1B3193F320D007015C4 /* AppDelegate.swift */,
				232FF1B5193F320D007015C4 /* ViewController.swift */,
				232FF1B7193F320D007015C4 /* Main.storyboard */,
				232FF1BA193F320D007015C4 /* Images.xcassets */,
				230CFCDE193FDCBF001D6F21 /* images */,
				232FF1B1193F320D007015C4 /* Supporting Files */,
			);
			path = "Swift Weather";
			sourceTree = "<group>";
		};
		232FF1B1193F320D007015C4 /* Supporting Files */ = {
			isa = PBXGroup;
			children = (
				E12DE1EA194A0CFF00056102 /* background_summer.png */,
				E1C9689D194A07510045500E /* background.png */,
				232FF1B2193F320D007015C4 /* Info.plist */,
			);
			name = "Supporting Files";
			sourceTree = "<group>";
		};
		232FF1C3193F320D007015C4 /* Swift WeatherTests */ = {
			isa = PBXGroup;
			children = (
				232FF1C6193F320D007015C4 /* Swift_WeatherTests.swift */,
				232FF1C4193F320D007015C4 /* Supporting Files */,
			);
			path = "Swift WeatherTests";
			sourceTree = "<group>";
		};
		232FF1C4193F320D007015C4 /* Supporting Files */ = {
			isa = PBXGroup;
			children = (
				232FF1C5193F320D007015C4 /* Info.plist */,
			);
			name = "Supporting Files";
			sourceTree = "<group>";
		};
		344C735D1A3B92A4002CB13B /* Swift Weather Instant */ = {
			isa = PBXGroup;
			children = (
				344C73601A3B92A4002CB13B /* TodayViewController.swift */,
				344C73621A3B92A4002CB13B /* MainInterface.storyboard */,
				344C735E1A3B92A4002CB13B /* Supporting Files */,
			);
			path = "Swift Weather Instant";
			sourceTree = "<group>";
		};
		344C735E1A3B92A4002CB13B /* Supporting Files */ = {
			isa = PBXGroup;
			children = (
				344C735F1A3B92A4002CB13B /* Info.plist */,
			);
			name = "Supporting Files";
			sourceTree = "<group>";
		};
		CEFEE9B71A520D8000AF810C /* SwiftWeatherService */ = {
			isa = PBXGroup;
			children = (
				CEFEE9BA1A520D8000AF810C /* SwiftWeatherService.h */,
				CEFEE9D61A520DA000AF810C /* WeatherService.swift */,
				CEFEE9B81A520D8000AF810C /* Supporting Files */,
			);
			path = SwiftWeatherService;
			sourceTree = "<group>";
		};
		CEFEE9B81A520D8000AF810C /* Supporting Files */ = {
			isa = PBXGroup;
			children = (
				CEFEE9B91A520D8000AF810C /* Info.plist */,
			);
			name = "Supporting Files";
			sourceTree = "<group>";
		};
		CEFEE9C61A520D8000AF810C /* SwiftWeatherServiceTests */ = {
			isa = PBXGroup;
			children = (
				CEFEE9C91A520D8000AF810C /* SwiftWeatherServiceTests.swift */,
				CEFEE9C71A520D8000AF810C /* Supporting Files */,
			);
			path = SwiftWeatherServiceTests;
			sourceTree = "<group>";
		};
		CEFEE9C71A520D8000AF810C /* Supporting Files */ = {
			isa = PBXGroup;
			children = (
				CEFEE9C81A520D8000AF810C /* Info.plist */,
			);
			name = "Supporting Files";
			sourceTree = "<group>";
		};
/* End PBXGroup section */

/* Begin PBXHeadersBuildPhase section */
		CEFEE9B31A520D7F00AF810C /* Headers */ = {
			isa = PBXHeadersBuildPhase;
			buildActionMask = 2147483647;
			files = (
				CEFEE9BB1A520D8000AF810C /* SwiftWeatherService.h in Headers */,
			);
			runOnlyForDeploymentPostprocessing = 0;
		};
/* End PBXHeadersBuildPhase section */

/* Begin PBXNativeTarget section */
		232FF1AD193F320D007015C4 /* Swift Weather */ = {
			isa = PBXNativeTarget;
			buildConfigurationList = 232FF1CA193F320D007015C4 /* Build configuration list for PBXNativeTarget "Swift Weather" */;
			buildPhases = (
				232FF1AA193F320D007015C4 /* Sources */,
				232FF1AB193F320D007015C4 /* Frameworks */,
				232FF1AC193F320D007015C4 /* Resources */,
				344C736A1A3B92A4002CB13B /* Embed App Extensions */,
				CEFEE9D21A520D8000AF810C /* Embed Frameworks */,
			);
			buildRules = (
			);
			dependencies = (
				344C73651A3B92A4002CB13B /* PBXTargetDependency */,
				CEFEE9CC1A520D8000AF810C /* PBXTargetDependency */,
			);
			name = "Swift Weather";
			productName = "Swift Weather";
			productReference = 232FF1AE193F320D007015C4 /* Swift Weather.app */;
			productType = "com.apple.product-type.application";
		};
		232FF1BF193F320D007015C4 /* Swift WeatherTests */ = {
			isa = PBXNativeTarget;
			buildConfigurationList = 232FF1CD193F320D007015C4 /* Build configuration list for PBXNativeTarget "Swift WeatherTests" */;
			buildPhases = (
				232FF1BC193F320D007015C4 /* Sources */,
				232FF1BD193F320D007015C4 /* Frameworks */,
				232FF1BE193F320D007015C4 /* Resources */,
			);
			buildRules = (
			);
			dependencies = (
				232FF1C2193F320D007015C4 /* PBXTargetDependency */,
			);
			name = "Swift WeatherTests";
			productName = "Swift WeatherTests";
			productReference = 232FF1C0193F320D007015C4 /* Swift WeatherTests.xctest */;
			productType = "com.apple.product-type.bundle.unit-test";
		};
		344C73591A3B92A4002CB13B /* Swift Weather Instant */ = {
			isa = PBXNativeTarget;
			buildConfigurationList = 344C73691A3B92A4002CB13B /* Build configuration list for PBXNativeTarget "Swift Weather Instant" */;
			buildPhases = (
				344C73561A3B92A4002CB13B /* Sources */,
				344C73571A3B92A4002CB13B /* Frameworks */,
				344C73581A3B92A4002CB13B /* Resources */,
			);
			buildRules = (
			);
			dependencies = (
			);
			name = "Swift Weather Instant";
			productName = "Swift Weather Instant";
			productReference = 344C735A1A3B92A4002CB13B /* Swift Weather Instant.appex */;
			productType = "com.apple.product-type.app-extension";
		};
		CEFEE9B51A520D7F00AF810C /* SwiftWeatherService */ = {
			isa = PBXNativeTarget;
			buildConfigurationList = CEFEE9CF1A520D8000AF810C /* Build configuration list for PBXNativeTarget "SwiftWeatherService" */;
			buildPhases = (
				CEFEE9B11A520D7F00AF810C /* Sources */,
				CEFEE9B21A520D7F00AF810C /* Frameworks */,
				CEFEE9B31A520D7F00AF810C /* Headers */,
				CEFEE9B41A520D7F00AF810C /* Resources */,
			);
			buildRules = (
			);
			dependencies = (
			);
			name = SwiftWeatherService;
			productName = SwiftWeatherService;
			productReference = CEFEE9B61A520D7F00AF810C /* SwiftWeatherService.framework */;
			productType = "com.apple.product-type.framework";
		};
		CEFEE9BF1A520D8000AF810C /* SwiftWeatherServiceTests */ = {
			isa = PBXNativeTarget;
			buildConfigurationList = CEFEE9D31A520D8000AF810C /* Build configuration list for PBXNativeTarget "SwiftWeatherServiceTests" */;
			buildPhases = (
				CEFEE9BC1A520D8000AF810C /* Sources */,
				CEFEE9BD1A520D8000AF810C /* Frameworks */,
				CEFEE9BE1A520D8000AF810C /* Resources */,
			);
			buildRules = (
			);
			dependencies = (
				CEFEE9C31A520D8000AF810C /* PBXTargetDependency */,
				CEFEE9C51A520D8000AF810C /* PBXTargetDependency */,
			);
			name = SwiftWeatherServiceTests;
			productName = SwiftWeatherServiceTests;
			productReference = CEFEE9C01A520D8000AF810C /* SwiftWeatherServiceTests.xctest */;
			productType = "com.apple.product-type.bundle.unit-test";
		};
/* End PBXNativeTarget section */

/* Begin PBXProject section */
		232FF1A6193F320C007015C4 /* Project object */ = {
			isa = PBXProject;
			attributes = {
				LastUpgradeCheck = 0600;
				ORGANIZATIONNAME = rushjet;
				TargetAttributes = {
					232FF1AD193F320D007015C4 = {
						CreatedOnToolsVersion = 6.0;
						DevelopmentTeam = 6HLFCRTYQU;
					};
					232FF1BF193F320D007015C4 = {
						CreatedOnToolsVersion = 6.0;
						DevelopmentTeam = 964HJ5SV2F;
						TestTargetID = 232FF1AD193F320D007015C4;
					};
					344C73591A3B92A4002CB13B = {
						CreatedOnToolsVersion = 6.1.1;
						DevelopmentTeam = 964HJ5SV2F;
					};
					CEFEE9B51A520D7F00AF810C = {
						CreatedOnToolsVersion = 6.2;
						DevelopmentTeam = 964HJ5SV2F;
					};
					CEFEE9BF1A520D8000AF810C = {
						CreatedOnToolsVersion = 6.2;
						TestTargetID = 232FF1AD193F320D007015C4;
					};
				};
			};
			buildConfigurationList = 232FF1A9193F320D007015C4 /* Build configuration list for PBXProject "Swift Weather" */;
			compatibilityVersion = "Xcode 3.2";
			developmentRegion = English;
			hasScannedForEncodings = 0;
			knownRegions = (
				en,
				Base,
			);
			mainGroup = 232FF1A5193F320C007015C4;
			productRefGroup = 232FF1AF193F320D007015C4 /* Products */;
			projectDirPath = "";
			projectRoot = "";
			targets = (
				232FF1AD193F320D007015C4 /* Swift Weather */,
				232FF1BF193F320D007015C4 /* Swift WeatherTests */,
				344C73591A3B92A4002CB13B /* Swift Weather Instant */,
				CEFEE9B51A520D7F00AF810C /* SwiftWeatherService */,
				CEFEE9BF1A520D8000AF810C /* SwiftWeatherServiceTests */,
			);
		};
/* End PBXProject section */

/* Begin PBXResourcesBuildPhase section */
		232FF1AC193F320D007015C4 /* Resources */ = {
			isa = PBXResourcesBuildPhase;
			buildActionMask = 2147483647;
			files = (
				E1A570A2194A140100708955 /* cloudy2.png in Resources */,
				E12DE1EB194A0CFF00056102 /* background_summer.png in Resources */,
				E1A57093194A131100708955 /* fog_night.png in Resources */,
				E1A57096194A135400708955 /* shower3.png in Resources */,
				E1A570A4194A142B00708955 /* overcast.png in Resources */,
				E1A5709E194A13B800708955 /* sunny_night.png in Resources */,
				E1A570A1194A140100708955 /* cloudy2_night.png in Resources */,
				E1A570A6194A146200708955 /* snow4.png in Resources */,
				E1A57094194A131100708955 /* fog.png in Resources */,
				E1A5708E194A11F700708955 /* tstorm1.png in Resources */,
				E1A57090194A128C00708955 /* light_rain.png in Resources */,
				E1A5709C194A13AC00708955 /* sunny.png in Resources */,
				E1C9689E194A07510045500E /* background.png in Resources */,
				E1A570A8194A148D00708955 /* dunno.png in Resources */,
				E1A57098194A137600708955 /* snow5.png in Resources */,
				E10D3FA5194A170F00769A84 /* Cloud-Refresh.png in Resources */,
				232FF1B9193F320D007015C4 /* Main.storyboard in Resources */,
				232FF1BB193F320D007015C4 /* Images.xcassets in Resources */,
				E1A5709A194A139700708955 /* tstorm3.png in Resources */,
				E1A5708D194A11F700708955 /* tstorm1_night.png in Resources */,
			);
			runOnlyForDeploymentPostprocessing = 0;
		};
		232FF1BE193F320D007015C4 /* Resources */ = {
			isa = PBXResourcesBuildPhase;
			buildActionMask = 2147483647;
			files = (
			);
			runOnlyForDeploymentPostprocessing = 0;
		};
		344C73581A3B92A4002CB13B /* Resources */ = {
			isa = PBXResourcesBuildPhase;
			buildActionMask = 2147483647;
			files = (
				344C73631A3B92A4002CB13B /* MainInterface.storyboard in Resources */,
				3442BAB31A3BF5D300139CDC /* Images.xcassets in Resources */,
			);
			runOnlyForDeploymentPostprocessing = 0;
		};
		CEFEE9B41A520D7F00AF810C /* Resources */ = {
			isa = PBXResourcesBuildPhase;
			buildActionMask = 2147483647;
			files = (
			);
			runOnlyForDeploymentPostprocessing = 0;
		};
		CEFEE9BE1A520D8000AF810C /* Resources */ = {
			isa = PBXResourcesBuildPhase;
			buildActionMask = 2147483647;
			files = (
			);
			runOnlyForDeploymentPostprocessing = 0;
		};
/* End PBXResourcesBuildPhase section */

/* Begin PBXSourcesBuildPhase section */
		232FF1AA193F320D007015C4 /* Sources */ = {
			isa = PBXSourcesBuildPhase;
			buildActionMask = 2147483647;
			files = (
				232FF1B6193F320D007015C4 /* ViewController.swift in Sources */,
				232FF1B4193F320D007015C4 /* AppDelegate.swift in Sources */,
			);
			runOnlyForDeploymentPostprocessing = 0;
		};
		232FF1BC193F320D007015C4 /* Sources */ = {
			isa = PBXSourcesBuildPhase;
			buildActionMask = 2147483647;
			files = (
				232FF1C7193F320D007015C4 /* Swift_WeatherTests.swift in Sources */,
			);
			runOnlyForDeploymentPostprocessing = 0;
		};
		344C73561A3B92A4002CB13B /* Sources */ = {
			isa = PBXSourcesBuildPhase;
			buildActionMask = 2147483647;
			files = (
				344C73611A3B92A4002CB13B /* TodayViewController.swift in Sources */,
			);
			runOnlyForDeploymentPostprocessing = 0;
		};
		CEFEE9B11A520D7F00AF810C /* Sources */ = {
			isa = PBXSourcesBuildPhase;
			buildActionMask = 2147483647;
			files = (
				CEFEE9D71A520DA000AF810C /* WeatherService.swift in Sources */,
			);
			runOnlyForDeploymentPostprocessing = 0;
		};
		CEFEE9BC1A520D8000AF810C /* Sources */ = {
			isa = PBXSourcesBuildPhase;
			buildActionMask = 2147483647;
			files = (
				CEFEE9CA1A520D8000AF810C /* SwiftWeatherServiceTests.swift in Sources */,
			);
			runOnlyForDeploymentPostprocessing = 0;
		};
/* End PBXSourcesBuildPhase section */

/* Begin PBXTargetDependency section */
		232FF1C2193F320D007015C4 /* PBXTargetDependency */ = {
			isa = PBXTargetDependency;
			target = 232FF1AD193F320D007015C4 /* Swift Weather */;
			targetProxy = 232FF1C1193F320D007015C4 /* PBXContainerItemProxy */;
		};
		344C73651A3B92A4002CB13B /* PBXTargetDependency */ = {
			isa = PBXTargetDependency;
			target = 344C73591A3B92A4002CB13B /* Swift Weather Instant */;
			targetProxy = 344C73641A3B92A4002CB13B /* PBXContainerItemProxy */;
		};
		CEFEE9C31A520D8000AF810C /* PBXTargetDependency */ = {
			isa = PBXTargetDependency;
			target = CEFEE9B51A520D7F00AF810C /* SwiftWeatherService */;
			targetProxy = CEFEE9C21A520D8000AF810C /* PBXContainerItemProxy */;
		};
		CEFEE9C51A520D8000AF810C /* PBXTargetDependency */ = {
			isa = PBXTargetDependency;
			target = 232FF1AD193F320D007015C4 /* Swift Weather */;
			targetProxy = CEFEE9C41A520D8000AF810C /* PBXContainerItemProxy */;
		};
		CEFEE9CC1A520D8000AF810C /* PBXTargetDependency */ = {
			isa = PBXTargetDependency;
			target = CEFEE9B51A520D7F00AF810C /* SwiftWeatherService */;
			targetProxy = CEFEE9CB1A520D8000AF810C /* PBXContainerItemProxy */;
		};
/* End PBXTargetDependency section */

/* Begin PBXVariantGroup section */
		232FF1B7193F320D007015C4 /* Main.storyboard */ = {
			isa = PBXVariantGroup;
			children = (
				232FF1B8193F320D007015C4 /* Base */,
			);
			name = Main.storyboard;
			sourceTree = "<group>";
		};
/* End PBXVariantGroup section */

/* Begin XCBuildConfiguration section */
		232FF1C8193F320D007015C4 /* Debug */ = {
			isa = XCBuildConfiguration;
			buildSettings = {
				ALWAYS_SEARCH_USER_PATHS = NO;
				CLANG_CXX_LANGUAGE_STANDARD = "gnu++0x";
				CLANG_CXX_LIBRARY = "libc++";
				CLANG_ENABLE_MODULES = YES;
				CLANG_ENABLE_OBJC_ARC = YES;
				CLANG_WARN_BOOL_CONVERSION = YES;
				CLANG_WARN_CONSTANT_CONVERSION = YES;
				CLANG_WARN_DIRECT_OBJC_ISA_USAGE = YES_ERROR;
				CLANG_WARN_EMPTY_BODY = YES;
				CLANG_WARN_ENUM_CONVERSION = YES;
				CLANG_WARN_INT_CONVERSION = YES;
				CLANG_WARN_OBJC_ROOT_CLASS = YES_ERROR;
				CLANG_WARN_UNREACHABLE_CODE = YES;
				CLANG_WARN__DUPLICATE_METHOD_MATCH = YES;
				"CODE_SIGN_IDENTITY[sdk=iphoneos*]" = "iPhone Developer";
				COPY_PHASE_STRIP = YES;
				ENABLE_STRICT_OBJC_MSGSEND = YES;
				GCC_C_LANGUAGE_STANDARD = gnu99;
				GCC_DYNAMIC_NO_PIC = NO;
				GCC_OPTIMIZATION_LEVEL = 0;
				GCC_PREPROCESSOR_DEFINITIONS = (
					"DEBUG=1",
					"$(inherited)",
				);
				GCC_SYMBOLS_PRIVATE_EXTERN = NO;
				GCC_WARN_64_TO_32_BIT_CONVERSION = YES;
				GCC_WARN_ABOUT_RETURN_TYPE = YES_ERROR;
				GCC_WARN_UNDECLARED_SELECTOR = YES;
				GCC_WARN_UNINITIALIZED_AUTOS = YES_AGGRESSIVE;
				GCC_WARN_UNUSED_FUNCTION = YES;
				GCC_WARN_UNUSED_VARIABLE = YES;
				IPHONEOS_DEPLOYMENT_TARGET = 7.1;
				METAL_ENABLE_DEBUG_INFO = YES;
				ONLY_ACTIVE_ARCH = YES;
				SDKROOT = iphoneos;
				SWIFT_OPTIMIZATION_LEVEL = "-Onone";
			};
			name = Debug;
		};
		232FF1C9193F320D007015C4 /* Release */ = {
			isa = XCBuildConfiguration;
			buildSettings = {
				ALWAYS_SEARCH_USER_PATHS = NO;
				CLANG_CXX_LANGUAGE_STANDARD = "gnu++0x";
				CLANG_CXX_LIBRARY = "libc++";
				CLANG_ENABLE_MODULES = YES;
				CLANG_ENABLE_OBJC_ARC = YES;
				CLANG_WARN_BOOL_CONVERSION = YES;
				CLANG_WARN_CONSTANT_CONVERSION = YES;
				CLANG_WARN_DIRECT_OBJC_ISA_USAGE = YES_ERROR;
				CLANG_WARN_EMPTY_BODY = YES;
				CLANG_WARN_ENUM_CONVERSION = YES;
				CLANG_WARN_INT_CONVERSION = YES;
				CLANG_WARN_OBJC_ROOT_CLASS = YES_ERROR;
				CLANG_WARN_UNREACHABLE_CODE = YES;
				CLANG_WARN__DUPLICATE_METHOD_MATCH = YES;
				"CODE_SIGN_IDENTITY[sdk=iphoneos*]" = "iPhone Developer";
				COPY_PHASE_STRIP = YES;
				ENABLE_NS_ASSERTIONS = NO;
				ENABLE_STRICT_OBJC_MSGSEND = YES;
				GCC_C_LANGUAGE_STANDARD = gnu99;
				GCC_WARN_64_TO_32_BIT_CONVERSION = YES;
				GCC_WARN_ABOUT_RETURN_TYPE = YES_ERROR;
				GCC_WARN_UNDECLARED_SELECTOR = YES;
				GCC_WARN_UNINITIALIZED_AUTOS = YES_AGGRESSIVE;
				GCC_WARN_UNUSED_FUNCTION = YES;
				GCC_WARN_UNUSED_VARIABLE = YES;
				IPHONEOS_DEPLOYMENT_TARGET = 7.1;
				METAL_ENABLE_DEBUG_INFO = NO;
				SDKROOT = iphoneos;
				VALIDATE_PRODUCT = YES;
			};
			name = Release;
		};
		232FF1CB193F320D007015C4 /* Debug */ = {
			isa = XCBuildConfiguration;
			buildSettings = {
				ASSETCATALOG_COMPILER_APPICON_NAME = AppIcon;
				ASSETCATALOG_COMPILER_LAUNCHIMAGE_NAME = LaunchImage;
				CODE_SIGN_IDENTITY = "iPhone Developer";
				FRAMEWORK_SEARCH_PATHS = (
					"$(inherited)",
					"$(PROJECT_DIR)/Carthage.build/iOS",
					"$(PROJECT_DIR)/Carthage/Build/iOS",
				);
				INFOPLIST_FILE = "Swift Weather/Info.plist";
				IPHONEOS_DEPLOYMENT_TARGET = 8.0;
				LD_RUNPATH_SEARCH_PATHS = "$(inherited) @executable_path/Frameworks";
				PRODUCT_NAME = "$(TARGET_NAME)";
				SWIFT_OBJC_BRIDGING_HEADER = "";
			};
			name = Debug;
		};
		232FF1CC193F320D007015C4 /* Release */ = {
			isa = XCBuildConfiguration;
			buildSettings = {
				ASSETCATALOG_COMPILER_APPICON_NAME = AppIcon;
				ASSETCATALOG_COMPILER_LAUNCHIMAGE_NAME = LaunchImage;
				CODE_SIGN_IDENTITY = "iPhone Developer";
				FRAMEWORK_SEARCH_PATHS = (
					"$(inherited)",
					"$(PROJECT_DIR)/Carthage.build/iOS",
					"$(PROJECT_DIR)/Carthage/Build/iOS",
				);
				INFOPLIST_FILE = "Swift Weather/Info.plist";
				IPHONEOS_DEPLOYMENT_TARGET = 8.0;
				LD_RUNPATH_SEARCH_PATHS = "$(inherited) @executable_path/Frameworks";
				PRODUCT_NAME = "$(TARGET_NAME)";
				SWIFT_OBJC_BRIDGING_HEADER = "";
			};
			name = Release;
		};
		232FF1CE193F320D007015C4 /* Debug */ = {
			isa = XCBuildConfiguration;
			buildSettings = {
				BUNDLE_LOADER = "$(BUILT_PRODUCTS_DIR)/Swift Weather.app/Swift Weather";
				CODE_SIGN_IDENTITY = "iPhone Developer";
				"CODE_SIGN_IDENTITY[sdk=iphoneos*]" = "iPhone Developer";
				FRAMEWORK_SEARCH_PATHS = (
					"$(SDKROOT)/Developer/Library/Frameworks",
					"$(inherited)",
				);
				GCC_PREPROCESSOR_DEFINITIONS = (
					"DEBUG=1",
					"$(inherited)",
				);
				INFOPLIST_FILE = "Swift WeatherTests/Info.plist";
				LD_RUNPATH_SEARCH_PATHS = "$(inherited) @executable_path/Frameworks @loader_path/Frameworks";
				METAL_ENABLE_DEBUG_INFO = YES;
				PRODUCT_NAME = "$(TARGET_NAME)";
				PROVISIONING_PROFILE = "";
				TEST_HOST = "$(BUNDLE_LOADER)";
			};
			name = Debug;
		};
		232FF1CF193F320D007015C4 /* Release */ = {
			isa = XCBuildConfiguration;
			buildSettings = {
				BUNDLE_LOADER = "$(BUILT_PRODUCTS_DIR)/Swift Weather.app/Swift Weather";
				CODE_SIGN_IDENTITY = "iPhone Developer";
				"CODE_SIGN_IDENTITY[sdk=iphoneos*]" = "iPhone Developer";
				FRAMEWORK_SEARCH_PATHS = (
					"$(SDKROOT)/Developer/Library/Frameworks",
					"$(inherited)",
				);
				INFOPLIST_FILE = "Swift WeatherTests/Info.plist";
				LD_RUNPATH_SEARCH_PATHS = "$(inherited) @executable_path/Frameworks @loader_path/Frameworks";
				METAL_ENABLE_DEBUG_INFO = NO;
				PRODUCT_NAME = "$(TARGET_NAME)";
				PROVISIONING_PROFILE = "";
				TEST_HOST = "$(BUNDLE_LOADER)";
			};
			name = Release;
		};
		344C73671A3B92A4002CB13B /* Debug */ = {
			isa = XCBuildConfiguration;
			buildSettings = {
				CLANG_ENABLE_MODULES = YES;
				FRAMEWORK_SEARCH_PATHS = (
					"$(inherited)",
					"$(PROJECT_DIR)/Carthage.build/iOS",
					"$(PROJECT_DIR)/Carthage/Build/iOS",
				);
				GCC_PREPROCESSOR_DEFINITIONS = (
					"DEBUG=1",
					"$(inherited)",
				);
				INFOPLIST_FILE = "Swift Weather Instant/Info.plist";
				IPHONEOS_DEPLOYMENT_TARGET = 8.0;
				LD_RUNPATH_SEARCH_PATHS = "$(inherited) @executable_path/Frameworks @executable_path/../../Frameworks";
				LIBRARY_SEARCH_PATHS = "$(inherited)";
				MTL_ENABLE_DEBUG_INFO = YES;
				PRODUCT_NAME = "$(TARGET_NAME)";
				SKIP_INSTALL = YES;
				SWIFT_OBJC_BRIDGING_HEADER = "";
				SWIFT_OPTIMIZATION_LEVEL = "-Onone";
			};
			name = Debug;
		};
		344C73681A3B92A4002CB13B /* Release */ = {
			isa = XCBuildConfiguration;
			buildSettings = {
				CLANG_ENABLE_MODULES = YES;
				FRAMEWORK_SEARCH_PATHS = (
					"$(inherited)",
					"$(PROJECT_DIR)/Carthage.build/iOS",
					"$(PROJECT_DIR)/Carthage/Build/iOS",
				);
				INFOPLIST_FILE = "Swift Weather Instant/Info.plist";
				IPHONEOS_DEPLOYMENT_TARGET = 8.0;
				LD_RUNPATH_SEARCH_PATHS = "$(inherited) @executable_path/Frameworks @executable_path/../../Frameworks";
				LIBRARY_SEARCH_PATHS = "$(inherited)";
				MTL_ENABLE_DEBUG_INFO = NO;
				PRODUCT_NAME = "$(TARGET_NAME)";
				SKIP_INSTALL = YES;
				SWIFT_OBJC_BRIDGING_HEADER = "";
			};
			name = Release;
		};
		CEFEE9D01A520D8000AF810C /* Debug */ = {
			isa = XCBuildConfiguration;
			buildSettings = {
				APPLICATION_EXTENSION_API_ONLY = YES;
				CURRENT_PROJECT_VERSION = 1;
				DEFINES_MODULE = YES;
				DYLIB_COMPATIBILITY_VERSION = 1;
				DYLIB_CURRENT_VERSION = 1;
				DYLIB_INSTALL_NAME_BASE = "@rpath";
				FRAMEWORK_SEARCH_PATHS = (
					"$(inherited)",
					"$(PROJECT_DIR)/Carthage.build/iOS",
					"$(PROJECT_DIR)/Carthage/Build/iOS",
				);
				GCC_PREPROCESSOR_DEFINITIONS = (
					"DEBUG=1",
					"$(inherited)",
				);
				INFOPLIST_FILE = SwiftWeatherService/Info.plist;
				INSTALL_PATH = "$(LOCAL_LIBRARY_DIR)/Frameworks";
				IPHONEOS_DEPLOYMENT_TARGET = 8.0;
				LD_RUNPATH_SEARCH_PATHS = "$(inherited) @executable_path/Frameworks @loader_path/Frameworks";
				MTL_ENABLE_DEBUG_INFO = YES;
				PRODUCT_NAME = "$(TARGET_NAME)";
				SKIP_INSTALL = YES;
				TARGETED_DEVICE_FAMILY = "1,2";
				VERSIONING_SYSTEM = "apple-generic";
				VERSION_INFO_PREFIX = "";
			};
			name = Debug;
		};
		CEFEE9D11A520D8000AF810C /* Release */ = {
			isa = XCBuildConfiguration;
			buildSettings = {
				APPLICATION_EXTENSION_API_ONLY = YES;
				CURRENT_PROJECT_VERSION = 1;
				DEFINES_MODULE = YES;
				DYLIB_COMPATIBILITY_VERSION = 1;
				DYLIB_CURRENT_VERSION = 1;
				DYLIB_INSTALL_NAME_BASE = "@rpath";
				FRAMEWORK_SEARCH_PATHS = (
					"$(inherited)",
					"$(PROJECT_DIR)/Carthage.build/iOS",
					"$(PROJECT_DIR)/Carthage/Build/iOS",
				);
				INFOPLIST_FILE = SwiftWeatherService/Info.plist;
				INSTALL_PATH = "$(LOCAL_LIBRARY_DIR)/Frameworks";
				IPHONEOS_DEPLOYMENT_TARGET = 8.0;
				LD_RUNPATH_SEARCH_PATHS = "$(inherited) @executable_path/Frameworks @loader_path/Frameworks";
				MTL_ENABLE_DEBUG_INFO = NO;
				PRODUCT_NAME = "$(TARGET_NAME)";
				SKIP_INSTALL = YES;
				TARGETED_DEVICE_FAMILY = "1,2";
				VERSIONING_SYSTEM = "apple-generic";
				VERSION_INFO_PREFIX = "";
			};
			name = Release;
		};
		CEFEE9D41A520D8000AF810C /* Debug */ = {
			isa = XCBuildConfiguration;
			buildSettings = {
				FRAMEWORK_SEARCH_PATHS = (
					"$(SDKROOT)/Developer/Library/Frameworks",
					"$(inherited)",
				);
				GCC_PREPROCESSOR_DEFINITIONS = (
					"DEBUG=1",
					"$(inherited)",
				);
				INFOPLIST_FILE = SwiftWeatherServiceTests/Info.plist;
				IPHONEOS_DEPLOYMENT_TARGET = 8.2;
				LD_RUNPATH_SEARCH_PATHS = "$(inherited) @executable_path/Frameworks @loader_path/Frameworks";
				MTL_ENABLE_DEBUG_INFO = YES;
				PRODUCT_NAME = "$(TARGET_NAME)";
				TEST_HOST = "$(BUILT_PRODUCTS_DIR)/Swift Weather.app/Swift Weather";
			};
			name = Debug;
		};
		CEFEE9D51A520D8000AF810C /* Release */ = {
			isa = XCBuildConfiguration;
			buildSettings = {
				FRAMEWORK_SEARCH_PATHS = (
					"$(SDKROOT)/Developer/Library/Frameworks",
					"$(inherited)",
				);
				INFOPLIST_FILE = SwiftWeatherServiceTests/Info.plist;
				IPHONEOS_DEPLOYMENT_TARGET = 8.2;
				LD_RUNPATH_SEARCH_PATHS = "$(inherited) @executable_path/Frameworks @loader_path/Frameworks";
				MTL_ENABLE_DEBUG_INFO = NO;
				PRODUCT_NAME = "$(TARGET_NAME)";
				TEST_HOST = "$(BUILT_PRODUCTS_DIR)/Swift Weather.app/Swift Weather";
			};
			name = Release;
		};
/* End XCBuildConfiguration section */

/* Begin XCConfigurationList section */
		232FF1A9193F320D007015C4 /* Build configuration list for PBXProject "Swift Weather" */ = {
			isa = XCConfigurationList;
			buildConfigurations = (
				232FF1C8193F320D007015C4 /* Debug */,
				232FF1C9193F320D007015C4 /* Release */,
			);
			defaultConfigurationIsVisible = 0;
			defaultConfigurationName = Release;
		};
		232FF1CA193F320D007015C4 /* Build configuration list for PBXNativeTarget "Swift Weather" */ = {
			isa = XCConfigurationList;
			buildConfigurations = (
				232FF1CB193F320D007015C4 /* Debug */,
				232FF1CC193F320D007015C4 /* Release */,
			);
			defaultConfigurationIsVisible = 0;
			defaultConfigurationName = Release;
		};
		232FF1CD193F320D007015C4 /* Build configuration list for PBXNativeTarget "Swift WeatherTests" */ = {
			isa = XCConfigurationList;
			buildConfigurations = (
				232FF1CE193F320D007015C4 /* Debug */,
				232FF1CF193F320D007015C4 /* Release */,
			);
			defaultConfigurationIsVisible = 0;
			defaultConfigurationName = Release;
		};
		344C73691A3B92A4002CB13B /* Build configuration list for PBXNativeTarget "Swift Weather Instant" */ = {
			isa = XCConfigurationList;
			buildConfigurations = (
				344C73671A3B92A4002CB13B /* Debug */,
				344C73681A3B92A4002CB13B /* Release */,
			);
			defaultConfigurationIsVisible = 0;
			defaultConfigurationName = Release;
		};
		CEFEE9CF1A520D8000AF810C /* Build configuration list for PBXNativeTarget "SwiftWeatherService" */ = {
			isa = XCConfigurationList;
			buildConfigurations = (
				CEFEE9D01A520D8000AF810C /* Debug */,
				CEFEE9D11A520D8000AF810C /* Release */,
			);
			defaultConfigurationIsVisible = 0;
			defaultConfigurationName = Release;
		};
		CEFEE9D31A520D8000AF810C /* Build configuration list for PBXNativeTarget "SwiftWeatherServiceTests" */ = {
			isa = XCConfigurationList;
			buildConfigurations = (
				CEFEE9D41A520D8000AF810C /* Debug */,
				CEFEE9D51A520D8000AF810C /* Release */,
			);
			defaultConfigurationIsVisible = 0;
			defaultConfigurationName = Release;
		};
/* End XCConfigurationList section */
	};
	rootObject = 232FF1A6193F320C007015C4 /* Project object */;
}
